// !$*UTF8*$!
{
	archiveVersion = 1;
	classes = {
	};
	objectVersion = 50;
	objects = {

/* Begin PBXBuildFile section */
		D70A6377227B973600D7EA82 /* SearchResultCell.swift in Sources */ = {isa = PBXBuildFile; fileRef = D70A6376227B973600D7EA82 /* SearchResultCell.swift */; };
		D77FF48C2273EF7500CAD422 /* BaseTabBarController.swift in Sources */ = {isa = PBXBuildFile; fileRef = D77FF48B2273EF7500CAD422 /* BaseTabBarController.swift */; };
		D7AAEB9A22729DAE00F89A35 /* AppDelegate.swift in Sources */ = {isa = PBXBuildFile; fileRef = D7AAEB9922729DAE00F89A35 /* AppDelegate.swift */; };
		D7AAEB9C22729DAE00F89A35 /* ViewController.swift in Sources */ = {isa = PBXBuildFile; fileRef = D7AAEB9B22729DAE00F89A35 /* ViewController.swift */; };
		D7AAEB9F22729DAE00F89A35 /* Main.storyboard in Resources */ = {isa = PBXBuildFile; fileRef = D7AAEB9D22729DAE00F89A35 /* Main.storyboard */; };
		D7AAEBA222729DAE00F89A35 /* AppStore.xcdatamodeld in Sources */ = {isa = PBXBuildFile; fileRef = D7AAEBA022729DAE00F89A35 /* AppStore.xcdatamodeld */; };
		D7AAEBA422729DB000F89A35 /* Assets.xcassets in Resources */ = {isa = PBXBuildFile; fileRef = D7AAEBA322729DB000F89A35 /* Assets.xcassets */; };
		D7AAEBA722729DB000F89A35 /* LaunchScreen.storyboard in Resources */ = {isa = PBXBuildFile; fileRef = D7AAEBA522729DB000F89A35 /* LaunchScreen.storyboard */; };
		D7D99F942277AA5100FFDB97 /* AppsSearchController.swift in Sources */ = {isa = PBXBuildFile; fileRef = D7D99F932277AA5100FFDB97 /* AppsSearchController.swift */; };
/* End PBXBuildFile section */

/* Begin PBXFileReference section */
		D70A6376227B973600D7EA82 /* SearchResultCell.swift */ = {isa = PBXFileReference; lastKnownFileType = sourcecode.swift; name = SearchResultCell.swift; path = AppStore/SearchResultCell.swift; sourceTree = SOURCE_ROOT; };
		D77FF48B2273EF7500CAD422 /* BaseTabBarController.swift */ = {isa = PBXFileReference; lastKnownFileType = sourcecode.swift; path = BaseTabBarController.swift; sourceTree = "<group>"; };
		D7AAEB9622729DAE00F89A35 /* AppStore.app */ = {isa = PBXFileReference; explicitFileType = wrapper.application; includeInIndex = 0; path = AppStore.app; sourceTree = BUILT_PRODUCTS_DIR; };
		D7AAEB9922729DAE00F89A35 /* AppDelegate.swift */ = {isa = PBXFileReference; lastKnownFileType = sourcecode.swift; path = AppDelegate.swift; sourceTree = "<group>"; };
		D7AAEB9B22729DAE00F89A35 /* ViewController.swift */ = {isa = PBXFileReference; lastKnownFileType = sourcecode.swift; path = ViewController.swift; sourceTree = "<group>"; };
		D7AAEB9E22729DAE00F89A35 /* Base */ = {isa = PBXFileReference; lastKnownFileType = file.storyboard; name = Base; path = Base.lproj/Main.storyboard; sourceTree = "<group>"; };
		D7AAEBA122729DAE00F89A35 /* AppStore.xcdatamodel */ = {isa = PBXFileReference; lastKnownFileType = wrapper.xcdatamodel; path = AppStore.xcdatamodel; sourceTree = "<group>"; };
		D7AAEBA322729DB000F89A35 /* Assets.xcassets */ = {isa = PBXFileReference; lastKnownFileType = folder.assetcatalog; path = Assets.xcassets; sourceTree = "<group>"; };
		D7AAEBA622729DB000F89A35 /* Base */ = {isa = PBXFileReference; lastKnownFileType = file.storyboard; name = Base; path = Base.lproj/LaunchScreen.storyboard; sourceTree = "<group>"; };
		D7AAEBA822729DB000F89A35 /* Info.plist */ = {isa = PBXFileReference; lastKnownFileType = text.plist.xml; path = Info.plist; sourceTree = "<group>"; };
		D7D99F932277AA5100FFDB97 /* AppsSearchController.swift */ = {isa = PBXFileReference; lastKnownFileType = sourcecode.swift; path = AppsSearchController.swift; sourceTree = "<group>"; };
/* End PBXFileReference section */

/* Begin PBXFrameworksBuildPhase section */
		D7AAEB9322729DAE00F89A35 /* Frameworks */ = {
			isa = PBXFrameworksBuildPhase;
			buildActionMask = 2147483647;
			files = (
			);
			runOnlyForDeploymentPostprocessing = 0;
		};
/* End PBXFrameworksBuildPhase section */

/* Begin PBXGroup section */
		D53593E122793C6400D4BC87 /* Views */ = {
			isa = PBXGroup;
			children = (
				D70A6376227B973600D7EA82 /* SearchResultCell.swift */,
			);
			path = Views;
			sourceTree = "<group>";
		};
		D7AAEB8D22729DAE00F89A35 = {
			isa = PBXGroup;
			children = (
				D7AAEB9822729DAE00F89A35 /* AppStore */,
				D7AAEB9722729DAE00F89A35 /* Products */,
			);
			sourceTree = "<group>";
		};
		D7AAEB9722729DAE00F89A35 /* Products */ = {
			isa = PBXGroup;
			children = (
				D7AAEB9622729DAE00F89A35 /* AppStore.app */,
			);
			name = Products;
			sourceTree = "<group>";
		};
		D7AAEB9822729DAE00F89A35 /* AppStore */ = {
			isa = PBXGroup;
			children = (
				D7AAEB9922729DAE00F89A35 /* AppDelegate.swift */,
				D53593E122793C6400D4BC87 /* Views */,
				D7D99F922277AA3300FFDB97 /* Controllers */,
				D7AAEB9D22729DAE00F89A35 /* Main.storyboard */,
				D7AAEBA322729DB000F89A35 /* Assets.xcassets */,
				D7AAEBA522729DB000F89A35 /* LaunchScreen.storyboard */,
				D7AAEBA822729DB000F89A35 /* Info.plist */,
				D7AAEBA022729DAE00F89A35 /* AppStore.xcdatamodeld */,
			);
			path = AppStore;
			sourceTree = "<group>";
		};
		D7D99F922277AA3300FFDB97 /* Controllers */ = {
			isa = PBXGroup;
			children = (
				D7AAEB9B22729DAE00F89A35 /* ViewController.swift */,
				D77FF48B2273EF7500CAD422 /* BaseTabBarController.swift */,
				D7D99F932277AA5100FFDB97 /* AppsSearchController.swift */,
			);
			path = Controllers;
			sourceTree = "<group>";
		};
/* End PBXGroup section */

/* Begin PBXNativeTarget section */
		D7AAEB9522729DAE00F89A35 /* AppStore */ = {
			isa = PBXNativeTarget;
			buildConfigurationList = D7AAEBAB22729DB000F89A35 /* Build configuration list for PBXNativeTarget "AppStore" */;
			buildPhases = (
				D7AAEB9222729DAE00F89A35 /* Sources */,
				D7AAEB9322729DAE00F89A35 /* Frameworks */,
				D7AAEB9422729DAE00F89A35 /* Resources */,
			);
			buildRules = (
			);
			dependencies = (
			);
			name = AppStore;
			productName = AppStore;
			productReference = D7AAEB9622729DAE00F89A35 /* AppStore.app */;
			productType = "com.apple.product-type.application";
		};
/* End PBXNativeTarget section */

/* Begin PBXProject section */
		D7AAEB8E22729DAE00F89A35 /* Project object */ = {
			isa = PBXProject;
			attributes = {
				LastSwiftUpdateCheck = 1020;
				LastUpgradeCheck = 1020;
				ORGANIZATIONNAME = "Nhan Nguyen";
				TargetAttributes = {
					D7AAEB9522729DAE00F89A35 = {
						CreatedOnToolsVersion = 10.2;
					};
				};
			};
			buildConfigurationList = D7AAEB9122729DAE00F89A35 /* Build configuration list for PBXProject "AppStore" */;
			compatibilityVersion = "Xcode 9.3";
			developmentRegion = en;
			hasScannedForEncodings = 0;
			knownRegions = (
				en,
				Base,
			);
			mainGroup = D7AAEB8D22729DAE00F89A35;
			productRefGroup = D7AAEB9722729DAE00F89A35 /* Products */;
			projectDirPath = "";
			projectRoot = "";
			targets = (
				D7AAEB9522729DAE00F89A35 /* AppStore */,
			);
		};
/* End PBXProject section */

/* Begin PBXResourcesBuildPhase section */
		D7AAEB9422729DAE00F89A35 /* Resources */ = {
			isa = PBXResourcesBuildPhase;
			buildActionMask = 2147483647;
			files = (
				D7AAEBA722729DB000F89A35 /* LaunchScreen.storyboard in Resources */,
				D7AAEBA422729DB000F89A35 /* Assets.xcassets in Resources */,
				D7AAEB9F22729DAE00F89A35 /* Main.storyboard in Resources */,
			);
			runOnlyForDeploymentPostprocessing = 0;
		};
/* End PBXResourcesBuildPhase section */

/* Begin PBXSourcesBuildPhase section */
		D7AAEB9222729DAE00F89A35 /* Sources */ = {
			isa = PBXSourcesBuildPhase;
			buildActionMask = 2147483647;
			files = (
				D77FF48C2273EF7500CAD422 /* BaseTabBarController.swift in Sources */,
				D7AAEBA222729DAE00F89A35 /* AppStore.xcdatamodeld in Sources */,
				D7AAEB9C22729DAE00F89A35 /* ViewController.swift in Sources */,
				D7D99F942277AA5100FFDB97 /* AppsSearchController.swift in Sources */,
				D70A6377227B973600D7EA82 /* SearchResultCell.swift in Sources */,
				D7AAEB9A22729DAE00F89A35 /* AppDelegate.swift in Sources */,
			);
			runOnlyForDeploymentPostprocessing = 0;
		};
/* End PBXSourcesBuildPhase section */

/* Begin PBXVariantGroup section */
		D7AAEB9D22729DAE00F89A35 /* Main.storyboard */ = {
			isa = PBXVariantGroup;
			children = (
				D7AAEB9E22729DAE00F89A35 /* Base */,
			);
			name = Main.storyboard;
			sourceTree = "<group>";
		};
		D7AAEBA522729DB000F89A35 /* LaunchScreen.storyboard */ = {
			isa = PBXVariantGroup;
			children = (
				D7AAEBA622729DB000F89A35 /* Base */,
			);
			name = LaunchScreen.storyboard;
			sourceTree = "<group>";
		};
/* End PBXVariantGroup section */

/* Begin XCBuildConfiguration section */
		D7AAEBA922729DB000F89A35 /* Debug */ = {
			isa = XCBuildConfiguration;
			buildSettings = {
				ALWAYS_SEARCH_USER_PATHS = NO;
				CLANG_ANALYZER_NONNULL = YES;
				CLANG_ANALYZER_NUMBER_OBJECT_CONVERSION = YES_AGGRESSIVE;
				CLANG_CXX_LANGUAGE_STANDARD = "gnu++14";
				CLANG_CXX_LIBRARY = "libc++";
				CLANG_ENABLE_MODULES = YES;
				CLANG_ENABLE_OBJC_ARC = YES;
				CLANG_ENABLE_OBJC_WEAK = YES;
				CLANG_WARN_BLOCK_CAPTURE_AUTORELEASING = YES;
				CLANG_WARN_BOOL_CONVERSION = YES;
				CLANG_WARN_COMMA = YES;
				CLANG_WARN_CONSTANT_CONVERSION = YES;
				CLANG_WARN_DEPRECATED_OBJC_IMPLEMENTATIONS = YES;
				CLANG_WARN_DIRECT_OBJC_ISA_USAGE = YES_ERROR;
				CLANG_WARN_DOCUMENTATION_COMMENTS = YES;
				CLANG_WARN_EMPTY_BODY = YES;
				CLANG_WARN_ENUM_CONVERSION = YES;
				CLANG_WARN_INFINITE_RECURSION = YES;
				CLANG_WARN_INT_CONVERSION = YES;
				CLANG_WARN_NON_LITERAL_NULL_CONVERSION = YES;
				CLANG_WARN_OBJC_IMPLICIT_RETAIN_SELF = YES;
				CLANG_WARN_OBJC_LITERAL_CONVERSION = YES;
				CLANG_WARN_OBJC_ROOT_CLASS = YES_ERROR;
				CLANG_WARN_RANGE_LOOP_ANALYSIS = YES;
				CLANG_WARN_STRICT_PROTOTYPES = YES;
				CLANG_WARN_SUSPICIOUS_MOVE = YES;
				CLANG_WARN_UNGUARDED_AVAILABILITY = YES_AGGRESSIVE;
				CLANG_WARN_UNREACHABLE_CODE = YES;
				CLANG_WARN__DUPLICATE_METHOD_MATCH = YES;
				CODE_SIGN_IDENTITY = "iPhone Developer";
				COPY_PHASE_STRIP = NO;
				DEBUG_INFORMATION_FORMAT = dwarf;
				ENABLE_STRICT_OBJC_MSGSEND = YES;
				ENABLE_TESTABILITY = YES;
				GCC_C_LANGUAGE_STANDARD = gnu11;
				GCC_DYNAMIC_NO_PIC = NO;
				GCC_NO_COMMON_BLOCKS = YES;
				GCC_OPTIMIZATION_LEVEL = 0;
				GCC_PREPROCESSOR_DEFINITIONS = (
					"DEBUG=1",
					"$(inherited)",
				);
				GCC_WARN_64_TO_32_BIT_CONVERSION = YES;
				GCC_WARN_ABOUT_RETURN_TYPE = YES_ERROR;
				GCC_WARN_UNDECLARED_SELECTOR = YES;
				GCC_WARN_UNINITIALIZED_AUTOS = YES_AGGRESSIVE;
				GCC_WARN_UNUSED_FUNCTION = YES;
				GCC_WARN_UNUSED_VARIABLE = YES;
				IPHONEOS_DEPLOYMENT_TARGET = 12.2;
				MTL_ENABLE_DEBUG_INFO = INCLUDE_SOURCE;
				MTL_FAST_MATH = YES;
				ONLY_ACTIVE_ARCH = YES;
				SDKROOT = iphoneos;
				SWIFT_ACTIVE_COMPILATION_CONDITIONS = DEBUG;
				SWIFT_OPTIMIZATION_LEVEL = "-Onone";
			};
			name = Debug;
		};
		D7AAEBAA22729DB000F89A35 /* Release */ = {
			isa = XCBuildConfiguration;
			buildSettings = {
				ALWAYS_SEARCH_USER_PATHS = NO;
				CLANG_ANALYZER_NONNULL = YES;
				CLANG_ANALYZER_NUMBER_OBJECT_CONVERSION = YES_AGGRESSIVE;
				CLANG_CXX_LANGUAGE_STANDARD = "gnu++14";
				CLANG_CXX_LIBRARY = "libc++";
				CLANG_ENABLE_MODULES = YES;
				CLANG_ENABLE_OBJC_ARC = YES;
				CLANG_ENABLE_OBJC_WEAK = YES;
				CLANG_WARN_BLOCK_CAPTURE_AUTORELEASING = YES;
				CLANG_WARN_BOOL_CONVERSION = YES;
				CLANG_WARN_COMMA = YES;
				CLANG_WARN_CONSTANT_CONVERSION = YES;
				CLANG_WARN_DEPRECATED_OBJC_IMPLEMENTATIONS = YES;
				CLANG_WARN_DIRECT_OBJC_ISA_USAGE = YES_ERROR;
				CLANG_WARN_DOCUMENTATION_COMMENTS = YES;
				CLANG_WARN_EMPTY_BODY = YES;
				CLANG_WARN_ENUM_CONVERSION = YES;
				CLANG_WARN_INFINITE_RECURSION = YES;
				CLANG_WARN_INT_CONVERSION = YES;
				CLANG_WARN_NON_LITERAL_NULL_CONVERSION = YES;
				CLANG_WARN_OBJC_IMPLICIT_RETAIN_SELF = YES;
				CLANG_WARN_OBJC_LITERAL_CONVERSION = YES;
				CLANG_WARN_OBJC_ROOT_CLASS = YES_ERROR;
				CLANG_WARN_RANGE_LOOP_ANALYSIS = YES;
				CLANG_WARN_STRICT_PROTOTYPES = YES;
				CLANG_WARN_SUSPICIOUS_MOVE = YES;
				CLANG_WARN_UNGUARDED_AVAILABILITY = YES_AGGRESSIVE;
				CLANG_WARN_UNREACHABLE_CODE = YES;
				CLANG_WARN__DUPLICATE_METHOD_MATCH = YES;
				CODE_SIGN_IDENTITY = "iPhone Developer";
				COPY_PHASE_STRIP = NO;
				DEBUG_INFORMATION_FORMAT = "dwarf-with-dsym";
				ENABLE_NS_ASSERTIONS = NO;
				ENABLE_STRICT_OBJC_MSGSEND = YES;
				GCC_C_LANGUAGE_STANDARD = gnu11;
				GCC_NO_COMMON_BLOCKS = YES;
				GCC_WARN_64_TO_32_BIT_CONVERSION = YES;
				GCC_WARN_ABOUT_RETURN_TYPE = YES_ERROR;
				GCC_WARN_UNDECLARED_SELECTOR = YES;
				GCC_WARN_UNINITIALIZED_AUTOS = YES_AGGRESSIVE;
				GCC_WARN_UNUSED_FUNCTION = YES;
				GCC_WARN_UNUSED_VARIABLE = YES;
				IPHONEOS_DEPLOYMENT_TARGET = 12.2;
				MTL_ENABLE_DEBUG_INFO = NO;
				MTL_FAST_MATH = YES;
				SDKROOT = iphoneos;
				SWIFT_COMPILATION_MODE = wholemodule;
				SWIFT_OPTIMIZATION_LEVEL = "-O";
				VALIDATE_PRODUCT = YES;
			};
			name = Release;
		};
		D7AAEBAC22729DB000F89A35 /* Debug */ = {
			isa = XCBuildConfiguration;
			buildSettings = {
				ASSETCATALOG_COMPILER_APPICON_NAME = AppIcon;
				CODE_SIGN_STYLE = Automatic;
				DEVELOPMENT_TEAM = W92HWWDY8H;
				INFOPLIST_FILE = AppStore/Info.plist;
				LD_RUNPATH_SEARCH_PATHS = (
					"$(inherited)",
					"@executable_path/Frameworks",
				);
				PRODUCT_BUNDLE_IDENTIFIER = yoda.com.AppStore;
				PRODUCT_NAME = "$(TARGET_NAME)";
				SWIFT_VERSION = 5.0;
				TARGETED_DEVICE_FAMILY = "1,2";
			};
			name = Debug;
		};
		D7AAEBAD22729DB000F89A35 /* Release */ = {
			isa = XCBuildConfiguration;
			buildSettings = {
				ASSETCATALOG_COMPILER_APPICON_NAME = AppIcon;
				CODE_SIGN_STYLE = Automatic;
				DEVELOPMENT_TEAM = W92HWWDY8H;
				INFOPLIST_FILE = AppStore/Info.plist;
				LD_RUNPATH_SEARCH_PATHS = (
					"$(inherited)",
					"@executable_path/Frameworks",
				);
				PRODUCT_BUNDLE_IDENTIFIER = yoda.com.AppStore;
				PRODUCT_NAME = "$(TARGET_NAME)";
				SWIFT_VERSION = 5.0;
				TARGETED_DEVICE_FAMILY = "1,2";
			};
			name = Release;
		};
/* End XCBuildConfiguration section */

/* Begin XCConfigurationList section */
		D7AAEB9122729DAE00F89A35 /* Build configuration list for PBXProject "AppStore" */ = {
			isa = XCConfigurationList;
			buildConfigurations = (
				D7AAEBA922729DB000F89A35 /* Debug */,
				D7AAEBAA22729DB000F89A35 /* Release */,
			);
			defaultConfigurationIsVisible = 0;
			defaultConfigurationName = Release;
		};
		D7AAEBAB22729DB000F89A35 /* Build configuration list for PBXNativeTarget "AppStore" */ = {
			isa = XCConfigurationList;
			buildConfigurations = (
				D7AAEBAC22729DB000F89A35 /* Debug */,
				D7AAEBAD22729DB000F89A35 /* Release */,
			);
			defaultConfigurationIsVisible = 0;
			defaultConfigurationName = Release;
		};
/* End XCConfigurationList section */

/* Begin XCVersionGroup section */
		D7AAEBA022729DAE00F89A35 /* AppStore.xcdatamodeld */ = {
			isa = XCVersionGroup;
			children = (
				D7AAEBA122729DAE00F89A35 /* AppStore.xcdatamodel */,
			);
			currentVersion = D7AAEBA122729DAE00F89A35 /* AppStore.xcdatamodel */;
			path = AppStore.xcdatamodeld;
			sourceTree = "<group>";
			versionGroupType = wrapper.xcdatamodel;
		};
/* End XCVersionGroup section */
	};
	rootObject = D7AAEB8E22729DAE00F89A35 /* Project object */;
}
